// !$*UTF8*$!
{
	archiveVersion = 1;
	classes = {
	};
	objectVersion = 56;
	objects = {

/* Begin PBXBuildFile section */
		151C84E02D0B5DB7004033A4 /* MainTabView.swift in Sources */ = {isa = PBXBuildFile; fileRef = 151C84DF2D0B5DB7004033A4 /* MainTabView.swift */; };
		151C84E22D0B5F27004033A4 /* LoginView.swift in Sources */ = {isa = PBXBuildFile; fileRef = 151C84E12D0B5F27004033A4 /* LoginView.swift */; };
		151C84E62D0B62E4004033A4 /* RegistrationView.swift in Sources */ = {isa = PBXBuildFile; fileRef = 151C84E52D0B62E4004033A4 /* RegistrationView.swift */; };
		1528F4C42C7C7ACB007C8842 /* HomeView.swift in Sources */ = {isa = PBXBuildFile; fileRef = 1528F4C32C7C7ACB007C8842 /* HomeView.swift */; };
		153E491C2D4B7B65007816B0 /* Login_RegisterButton.swift in Sources */ = {isa = PBXBuildFile; fileRef = 153E491B2D4B7B65007816B0 /* Login_RegisterButton.swift */; };
		153E491E2D4B7FAF007816B0 /* DividerView.swift in Sources */ = {isa = PBXBuildFile; fileRef = 153E491D2D4B7FAF007816B0 /* DividerView.swift */; };
		153E49202D4B84DC007816B0 /* CustomTextFieldStyle.swift in Sources */ = {isa = PBXBuildFile; fileRef = 153E491F2D4B84DC007816B0 /* CustomTextFieldStyle.swift */; };
		1569A7022D48D62E007B1BAB /* AuthViewModel.swift in Sources */ = {isa = PBXBuildFile; fileRef = 1569A7012D48D62E007B1BAB /* AuthViewModel.swift */; };
		15A12B372D452AFF00A0DEFE /* ProfileView.swift in Sources */ = {isa = PBXBuildFile; fileRef = 15A12B362D452AFF00A0DEFE /* ProfileView.swift */; };
		15A551F82D0DD72400A2AF67 /* GoogleService-Info.plist in Resources */ = {isa = PBXBuildFile; fileRef = 15A551F72D0DD72400A2AF67 /* GoogleService-Info.plist */; };
		15A551FB2D0DD82600A2AF67 /* FirebaseAuth in Frameworks */ = {isa = PBXBuildFile; productRef = 15A551FA2D0DD82600A2AF67 /* FirebaseAuth */; };
		15A551FD2D0DD82600A2AF67 /* FirebaseFirestore in Frameworks */ = {isa = PBXBuildFile; productRef = 15A551FC2D0DD82600A2AF67 /* FirebaseFirestore */; };
		15A734672C7C7640009CE641 /* CryptoAppApp.swift in Sources */ = {isa = PBXBuildFile; fileRef = 15A734662C7C7640009CE641 /* CryptoAppApp.swift */; };
		15A734692C7C7640009CE641 /* ContentView.swift in Sources */ = {isa = PBXBuildFile; fileRef = 15A734682C7C7640009CE641 /* ContentView.swift */; };
		15A7346B2C7C7642009CE641 /* Assets.xcassets in Resources */ = {isa = PBXBuildFile; fileRef = 15A7346A2C7C7642009CE641 /* Assets.xcassets */; };
		15A7346E2C7C7643009CE641 /* Preview Assets.xcassets in Resources */ = {isa = PBXBuildFile; fileRef = 15A7346D2C7C7643009CE641 /* Preview Assets.xcassets */; };
		15A734782C7C7643009CE641 /* CryptoAppTests.swift in Sources */ = {isa = PBXBuildFile; fileRef = 15A734772C7C7643009CE641 /* CryptoAppTests.swift */; };
		15A734822C7C7643009CE641 /* CryptoAppUITests.swift in Sources */ = {isa = PBXBuildFile; fileRef = 15A734812C7C7643009CE641 /* CryptoAppUITests.swift */; };
		15A734842C7C7643009CE641 /* CryptoAppUITestsLaunchTests.swift in Sources */ = {isa = PBXBuildFile; fileRef = 15A734832C7C7643009CE641 /* CryptoAppUITestsLaunchTests.swift */; };
		15C9E35A2C7C7D3F00AC05B1 /* TopMoversView.swift in Sources */ = {isa = PBXBuildFile; fileRef = 15C9E3592C7C7D3F00AC05B1 /* TopMoversView.swift */; };
		15C9E35C2C7C7D5200AC05B1 /* TopMoversItemView.swift in Sources */ = {isa = PBXBuildFile; fileRef = 15C9E35B2C7C7D5200AC05B1 /* TopMoversItemView.swift */; };
		15C9E35E2C7C81CD00AC05B1 /* AllCoinsView.swift in Sources */ = {isa = PBXBuildFile; fileRef = 15C9E35D2C7C81CD00AC05B1 /* AllCoinsView.swift */; };
		15C9E3602C7C81D200AC05B1 /* CoinRowView.swift in Sources */ = {isa = PBXBuildFile; fileRef = 15C9E35F2C7C81D200AC05B1 /* CoinRowView.swift */; };
		15C9E3622C7C8D1D00AC05B1 /* HomeViewModel.swift in Sources */ = {isa = PBXBuildFile; fileRef = 15C9E3612C7C8D1D00AC05B1 /* HomeViewModel.swift */; };
		15C9E3642C7C9CBB00AC05B1 /* Coin.swift in Sources */ = {isa = PBXBuildFile; fileRef = 15C9E3632C7C9CBB00AC05B1 /* Coin.swift */; };
		15C9E3672C7CE98700AC05B1 /* Kingfisher in Frameworks */ = {isa = PBXBuildFile; productRef = 15C9E3662C7CE98700AC05B1 /* Kingfisher */; };
		15C9E3692C7CEB7300AC05B1 /* Double.swift in Sources */ = {isa = PBXBuildFile; fileRef = 15C9E3682C7CEB7300AC05B1 /* Double.swift */; };
		15CA59302D4CD11E004D43EF /* HistoricalPriceData.swift in Sources */ = {isa = PBXBuildFile; fileRef = 15CA592F2D4CD11E004D43EF /* HistoricalPriceData.swift */; };
		15CA59322D4CD132004D43EF /* CoinDetailViewModel.swift in Sources */ = {isa = PBXBuildFile; fileRef = 15CA59312D4CD132004D43EF /* CoinDetailViewModel.swift */; };
		15CA59342D4CD17A004D43EF /* PriceChart.swift in Sources */ = {isa = PBXBuildFile; fileRef = 15CA59332D4CD17A004D43EF /* PriceChart.swift */; };
		15CA59382D4CD186004D43EF /* CoinDetailView.swift in Sources */ = {isa = PBXBuildFile; fileRef = 15CA59372D4CD186004D43EF /* CoinDetailView.swift */; };
		15EFB2F62D4A0C6700EDEE1B /* KeychainSwift in Frameworks */ = {isa = PBXBuildFile; productRef = 15EFB2F52D4A0C6700EDEE1B /* KeychainSwift */; };
/* End PBXBuildFile section */

/* Begin PBXContainerItemProxy section */
		15A734742C7C7643009CE641 /* PBXContainerItemProxy */ = {
			isa = PBXContainerItemProxy;
			containerPortal = 15A7345B2C7C7640009CE641 /* Project object */;
			proxyType = 1;
			remoteGlobalIDString = 15A734622C7C7640009CE641;
			remoteInfo = CryptoApp;
		};
		15A7347E2C7C7643009CE641 /* PBXContainerItemProxy */ = {
			isa = PBXContainerItemProxy;
			containerPortal = 15A7345B2C7C7640009CE641 /* Project object */;
			proxyType = 1;
			remoteGlobalIDString = 15A734622C7C7640009CE641;
			remoteInfo = CryptoApp;
		};
/* End PBXContainerItemProxy section */

/* Begin PBXFileReference section */
		151C84DF2D0B5DB7004033A4 /* MainTabView.swift */ = {isa = PBXFileReference; lastKnownFileType = sourcecode.swift; path = MainTabView.swift; sourceTree = "<group>"; };
		151C84E12D0B5F27004033A4 /* LoginView.swift */ = {isa = PBXFileReference; lastKnownFileType = sourcecode.swift; path = LoginView.swift; sourceTree = "<group>"; };
		151C84E52D0B62E4004033A4 /* RegistrationView.swift */ = {isa = PBXFileReference; lastKnownFileType = sourcecode.swift; path = RegistrationView.swift; sourceTree = "<group>"; };
		1528F4C32C7C7ACB007C8842 /* HomeView.swift */ = {isa = PBXFileReference; lastKnownFileType = sourcecode.swift; path = HomeView.swift; sourceTree = "<group>"; };
		153E491B2D4B7B65007816B0 /* Login_RegisterButton.swift */ = {isa = PBXFileReference; lastKnownFileType = sourcecode.swift; path = Login_RegisterButton.swift; sourceTree = "<group>"; };
		153E491D2D4B7FAF007816B0 /* DividerView.swift */ = {isa = PBXFileReference; lastKnownFileType = sourcecode.swift; path = DividerView.swift; sourceTree = "<group>"; };
		153E491F2D4B84DC007816B0 /* CustomTextFieldStyle.swift */ = {isa = PBXFileReference; lastKnownFileType = sourcecode.swift; path = CustomTextFieldStyle.swift; sourceTree = "<group>"; };
		1569A7012D48D62E007B1BAB /* AuthViewModel.swift */ = {isa = PBXFileReference; lastKnownFileType = sourcecode.swift; path = AuthViewModel.swift; sourceTree = "<group>"; };
		15A12B362D452AFF00A0DEFE /* ProfileView.swift */ = {isa = PBXFileReference; lastKnownFileType = sourcecode.swift; path = ProfileView.swift; sourceTree = "<group>"; };
		15A551F72D0DD72400A2AF67 /* GoogleService-Info.plist */ = {isa = PBXFileReference; lastKnownFileType = text.plist.xml; path = "GoogleService-Info.plist"; sourceTree = "<group>"; };
		15A734632C7C7640009CE641 /* CryptoApp.app */ = {isa = PBXFileReference; explicitFileType = wrapper.application; includeInIndex = 0; path = CryptoApp.app; sourceTree = BUILT_PRODUCTS_DIR; };
		15A734662C7C7640009CE641 /* CryptoAppApp.swift */ = {isa = PBXFileReference; lastKnownFileType = sourcecode.swift; path = CryptoAppApp.swift; sourceTree = "<group>"; };
		15A734682C7C7640009CE641 /* ContentView.swift */ = {isa = PBXFileReference; lastKnownFileType = sourcecode.swift; path = ContentView.swift; sourceTree = "<group>"; };
		15A7346A2C7C7642009CE641 /* Assets.xcassets */ = {isa = PBXFileReference; lastKnownFileType = folder.assetcatalog; path = Assets.xcassets; sourceTree = "<group>"; };
		15A7346D2C7C7643009CE641 /* Preview Assets.xcassets */ = {isa = PBXFileReference; lastKnownFileType = folder.assetcatalog; path = "Preview Assets.xcassets"; sourceTree = "<group>"; };
		15A734732C7C7643009CE641 /* CryptoAppTests.xctest */ = {isa = PBXFileReference; explicitFileType = wrapper.cfbundle; includeInIndex = 0; path = CryptoAppTests.xctest; sourceTree = BUILT_PRODUCTS_DIR; };
		15A734772C7C7643009CE641 /* CryptoAppTests.swift */ = {isa = PBXFileReference; lastKnownFileType = sourcecode.swift; path = CryptoAppTests.swift; sourceTree = "<group>"; };
		15A7347D2C7C7643009CE641 /* CryptoAppUITests.xctest */ = {isa = PBXFileReference; explicitFileType = wrapper.cfbundle; includeInIndex = 0; path = CryptoAppUITests.xctest; sourceTree = BUILT_PRODUCTS_DIR; };
		15A734812C7C7643009CE641 /* CryptoAppUITests.swift */ = {isa = PBXFileReference; lastKnownFileType = sourcecode.swift; path = CryptoAppUITests.swift; sourceTree = "<group>"; };
		15A734832C7C7643009CE641 /* CryptoAppUITestsLaunchTests.swift */ = {isa = PBXFileReference; lastKnownFileType = sourcecode.swift; path = CryptoAppUITestsLaunchTests.swift; sourceTree = "<group>"; };
		15C9E3592C7C7D3F00AC05B1 /* TopMoversView.swift */ = {isa = PBXFileReference; lastKnownFileType = sourcecode.swift; path = TopMoversView.swift; sourceTree = "<group>"; };
		15C9E35B2C7C7D5200AC05B1 /* TopMoversItemView.swift */ = {isa = PBXFileReference; lastKnownFileType = sourcecode.swift; path = TopMoversItemView.swift; sourceTree = "<group>"; };
		15C9E35D2C7C81CD00AC05B1 /* AllCoinsView.swift */ = {isa = PBXFileReference; lastKnownFileType = sourcecode.swift; path = AllCoinsView.swift; sourceTree = "<group>"; };
		15C9E35F2C7C81D200AC05B1 /* CoinRowView.swift */ = {isa = PBXFileReference; lastKnownFileType = sourcecode.swift; path = CoinRowView.swift; sourceTree = "<group>"; };
		15C9E3612C7C8D1D00AC05B1 /* HomeViewModel.swift */ = {isa = PBXFileReference; lastKnownFileType = sourcecode.swift; path = HomeViewModel.swift; sourceTree = "<group>"; };
		15C9E3632C7C9CBB00AC05B1 /* Coin.swift */ = {isa = PBXFileReference; lastKnownFileType = sourcecode.swift; path = Coin.swift; sourceTree = "<group>"; };
		15C9E3682C7CEB7300AC05B1 /* Double.swift */ = {isa = PBXFileReference; lastKnownFileType = sourcecode.swift; path = Double.swift; sourceTree = "<group>"; };
		15CA592F2D4CD11E004D43EF /* HistoricalPriceData.swift */ = {isa = PBXFileReference; lastKnownFileType = sourcecode.swift; path = HistoricalPriceData.swift; sourceTree = "<group>"; };
		15CA59312D4CD132004D43EF /* CoinDetailViewModel.swift */ = {isa = PBXFileReference; lastKnownFileType = sourcecode.swift; path = CoinDetailViewModel.swift; sourceTree = "<group>"; };
		15CA59332D4CD17A004D43EF /* PriceChart.swift */ = {isa = PBXFileReference; lastKnownFileType = sourcecode.swift; path = PriceChart.swift; sourceTree = "<group>"; };
		15CA59372D4CD186004D43EF /* CoinDetailView.swift */ = {isa = PBXFileReference; lastKnownFileType = sourcecode.swift; path = CoinDetailView.swift; sourceTree = "<group>"; };
		15EFB2F32D4A0B6600EDEE1B /* Info.plist */ = {isa = PBXFileReference; lastKnownFileType = text.plist; path = Info.plist; sourceTree = "<group>"; };
/* End PBXFileReference section */

/* Begin PBXFrameworksBuildPhase section */
		15A734602C7C7640009CE641 /* Frameworks */ = {
			isa = PBXFrameworksBuildPhase;
			buildActionMask = 2147483647;
			files = (
				15C9E3672C7CE98700AC05B1 /* Kingfisher in Frameworks */,
				15A551FB2D0DD82600A2AF67 /* FirebaseAuth in Frameworks */,
				15EFB2F62D4A0C6700EDEE1B /* KeychainSwift in Frameworks */,
				15A551FD2D0DD82600A2AF67 /* FirebaseFirestore in Frameworks */,
			);
			runOnlyForDeploymentPostprocessing = 0;
		};
		15A734702C7C7643009CE641 /* Frameworks */ = {
			isa = PBXFrameworksBuildPhase;
			buildActionMask = 2147483647;
			files = (
			);
			runOnlyForDeploymentPostprocessing = 0;
		};
		15A7347A2C7C7643009CE641 /* Frameworks */ = {
			isa = PBXFrameworksBuildPhase;
			buildActionMask = 2147483647;
			files = (
			);
			runOnlyForDeploymentPostprocessing = 0;
		};
/* End PBXFrameworksBuildPhase section */

/* Begin PBXGroup section */
		15A7345A2C7C7640009CE641 = {
			isa = PBXGroup;
			children = (
				15A734652C7C7640009CE641 /* CryptoApp */,
				15A734762C7C7643009CE641 /* CryptoAppTests */,
				15A734802C7C7643009CE641 /* CryptoAppUITests */,
				15A734642C7C7640009CE641 /* Products */,
			);
			sourceTree = "<group>";
		};
		15A734642C7C7640009CE641 /* Products */ = {
			isa = PBXGroup;
			children = (
				15A734632C7C7640009CE641 /* CryptoApp.app */,
				15A734732C7C7643009CE641 /* CryptoAppTests.xctest */,
				15A7347D2C7C7643009CE641 /* CryptoAppUITests.xctest */,
			);
			name = Products;
			sourceTree = "<group>";
		};
		15A734652C7C7640009CE641 /* CryptoApp */ = {
			isa = PBXGroup;
			children = (
				15EFB2F32D4A0B6600EDEE1B /* Info.plist */,
				15A551F72D0DD72400A2AF67 /* GoogleService-Info.plist */,
				15A734952C7C76C8009CE641 /* Extensions */,
				15A734942C7C76C6009CE641 /* Model */,
				15A734932C7C76C5009CE641 /* Core */,
				15A734902C7C76AB009CE641 /* App */,
				15A734682C7C7640009CE641 /* ContentView.swift */,
				15A7346A2C7C7642009CE641 /* Assets.xcassets */,
				15A7346C2C7C7643009CE641 /* Preview Content */,
			);
			path = CryptoApp;
			sourceTree = "<group>";
		};
		15A7346C2C7C7643009CE641 /* Preview Content */ = {
			isa = PBXGroup;
			children = (
				15A7346D2C7C7643009CE641 /* Preview Assets.xcassets */,
			);
			path = "Preview Content";
			sourceTree = "<group>";
		};
		15A734762C7C7643009CE641 /* CryptoAppTests */ = {
			isa = PBXGroup;
			children = (
				15A734772C7C7643009CE641 /* CryptoAppTests.swift */,
			);
			path = CryptoAppTests;
			sourceTree = "<group>";
		};
		15A734802C7C7643009CE641 /* CryptoAppUITests */ = {
			isa = PBXGroup;
			children = (
				15A734812C7C7643009CE641 /* CryptoAppUITests.swift */,
				15A734832C7C7643009CE641 /* CryptoAppUITestsLaunchTests.swift */,
			);
			path = CryptoAppUITests;
			sourceTree = "<group>";
		};
		15A734902C7C76AB009CE641 /* App */ = {
			isa = PBXGroup;
			children = (
				15A734662C7C7640009CE641 /* CryptoAppApp.swift */,
			);
			path = App;
			sourceTree = "<group>";
		};
		15A734932C7C76C5009CE641 /* Core */ = {
			isa = PBXGroup;
			children = (
				15A734972C7C76E6009CE641 /* Home */,
			);
			path = Core;
			sourceTree = "<group>";
		};
		15A734942C7C76C6009CE641 /* Model */ = {
			isa = PBXGroup;
			children = (
				15C9E3632C7C9CBB00AC05B1 /* Coin.swift */,
				15CA592F2D4CD11E004D43EF /* HistoricalPriceData.swift */,
			);
			path = Model;
			sourceTree = "<group>";
		};
		15A734952C7C76C8009CE641 /* Extensions */ = {
			isa = PBXGroup;
			children = (
				15C9E3682C7CEB7300AC05B1 /* Double.swift */,
			);
			path = Extensions;
			sourceTree = "<group>";
		};
		15A734972C7C76E6009CE641 /* Home */ = {
			isa = PBXGroup;
			children = (
				15A7349A2C7C7925009CE641 /* Views */,
				15A734982C7C791E009CE641 /* ViewModels */,
			);
			path = Home;
			sourceTree = "<group>";
		};
		15A734982C7C791E009CE641 /* ViewModels */ = {
			isa = PBXGroup;
			children = (
				15CA59312D4CD132004D43EF /* CoinDetailViewModel.swift */,
				1569A7012D48D62E007B1BAB /* AuthViewModel.swift */,
				15C9E3612C7C8D1D00AC05B1 /* HomeViewModel.swift */,
			);
			path = ViewModels;
			sourceTree = "<group>";
		};
		15A7349A2C7C7925009CE641 /* Views */ = {
			isa = PBXGroup;
			children = (
				15CA59372D4CD186004D43EF /* CoinDetailView.swift */,
				15CA59332D4CD17A004D43EF /* PriceChart.swift */,
				151C84DF2D0B5DB7004033A4 /* MainTabView.swift */,
				1528F4C32C7C7ACB007C8842 /* HomeView.swift */,
				151C84E12D0B5F27004033A4 /* LoginView.swift */,
				153E491F2D4B84DC007816B0 /* CustomTextFieldStyle.swift */,
				151C84E52D0B62E4004033A4 /* RegistrationView.swift */,
				153E491D2D4B7FAF007816B0 /* DividerView.swift */,
				153E491B2D4B7B65007816B0 /* Login_RegisterButton.swift */,
				15C9E3592C7C7D3F00AC05B1 /* TopMoversView.swift */,
				15C9E35B2C7C7D5200AC05B1 /* TopMoversItemView.swift */,
				15C9E35D2C7C81CD00AC05B1 /* AllCoinsView.swift */,
				15C9E35F2C7C81D200AC05B1 /* CoinRowView.swift */,
				15A12B362D452AFF00A0DEFE /* ProfileView.swift */,
			);
			path = Views;
			sourceTree = "<group>";
		};
/* End PBXGroup section */

/* Begin PBXNativeTarget section */
		15A734622C7C7640009CE641 /* CryptoApp */ = {
			isa = PBXNativeTarget;
			buildConfigurationList = 15A734872C7C7643009CE641 /* Build configuration list for PBXNativeTarget "CryptoApp" */;
			buildPhases = (
				15A7345F2C7C7640009CE641 /* Sources */,
				15A734602C7C7640009CE641 /* Frameworks */,
				15A734612C7C7640009CE641 /* Resources */,
			);
			buildRules = (
			);
			dependencies = (
			);
			name = CryptoApp;
			packageProductDependencies = (
				15C9E3662C7CE98700AC05B1 /* Kingfisher */,
				15A551FA2D0DD82600A2AF67 /* FirebaseAuth */,
				15A551FC2D0DD82600A2AF67 /* FirebaseFirestore */,
				15EFB2F52D4A0C6700EDEE1B /* KeychainSwift */,
			);
			productName = CryptoApp;
			productReference = 15A734632C7C7640009CE641 /* CryptoApp.app */;
			productType = "com.apple.product-type.application";
		};
		15A734722C7C7643009CE641 /* CryptoAppTests */ = {
			isa = PBXNativeTarget;
			buildConfigurationList = 15A7348A2C7C7643009CE641 /* Build configuration list for PBXNativeTarget "CryptoAppTests" */;
			buildPhases = (
				15A7346F2C7C7643009CE641 /* Sources */,
				15A734702C7C7643009CE641 /* Frameworks */,
				15A734712C7C7643009CE641 /* Resources */,
			);
			buildRules = (
			);
			dependencies = (
				15A734752C7C7643009CE641 /* PBXTargetDependency */,
			);
			name = CryptoAppTests;
			productName = CryptoAppTests;
			productReference = 15A734732C7C7643009CE641 /* CryptoAppTests.xctest */;
			productType = "com.apple.product-type.bundle.unit-test";
		};
		15A7347C2C7C7643009CE641 /* CryptoAppUITests */ = {
			isa = PBXNativeTarget;
			buildConfigurationList = 15A7348D2C7C7643009CE641 /* Build configuration list for PBXNativeTarget "CryptoAppUITests" */;
			buildPhases = (
				15A734792C7C7643009CE641 /* Sources */,
				15A7347A2C7C7643009CE641 /* Frameworks */,
				15A7347B2C7C7643009CE641 /* Resources */,
			);
			buildRules = (
			);
			dependencies = (
				15A7347F2C7C7643009CE641 /* PBXTargetDependency */,
			);
			name = CryptoAppUITests;
			productName = CryptoAppUITests;
			productReference = 15A7347D2C7C7643009CE641 /* CryptoAppUITests.xctest */;
			productType = "com.apple.product-type.bundle.ui-testing";
		};
/* End PBXNativeTarget section */

/* Begin PBXProject section */
		15A7345B2C7C7640009CE641 /* Project object */ = {
			isa = PBXProject;
			attributes = {
				BuildIndependentTargetsInParallel = 1;
				LastSwiftUpdateCheck = 1540;
				LastUpgradeCheck = 1610;
				TargetAttributes = {
					15A734622C7C7640009CE641 = {
						CreatedOnToolsVersion = 15.4;
					};
					15A734722C7C7643009CE641 = {
						CreatedOnToolsVersion = 15.4;
						TestTargetID = 15A734622C7C7640009CE641;
					};
					15A7347C2C7C7643009CE641 = {
						CreatedOnToolsVersion = 15.4;
						TestTargetID = 15A734622C7C7640009CE641;
					};
				};
			};
			buildConfigurationList = 15A7345E2C7C7640009CE641 /* Build configuration list for PBXProject "CryptoApp" */;
			compatibilityVersion = "Xcode 14.0";
			developmentRegion = en;
			hasScannedForEncodings = 0;
			knownRegions = (
				en,
				Base,
			);
			mainGroup = 15A7345A2C7C7640009CE641;
			packageReferences = (
				15C9E3652C7CE91100AC05B1 /* XCRemoteSwiftPackageReference "Kingfisher" */,
				15A551F92D0DD82600A2AF67 /* XCRemoteSwiftPackageReference "firebase-ios-sdk" */,
				15EFB2F42D4A0C6700EDEE1B /* XCRemoteSwiftPackageReference "keychain-swift" */,
			);
			productRefGroup = 15A734642C7C7640009CE641 /* Products */;
			projectDirPath = "";
			projectRoot = "";
			targets = (
				15A734622C7C7640009CE641 /* CryptoApp */,
				15A734722C7C7643009CE641 /* CryptoAppTests */,
				15A7347C2C7C7643009CE641 /* CryptoAppUITests */,
			);
		};
/* End PBXProject section */

/* Begin PBXResourcesBuildPhase section */
		15A734612C7C7640009CE641 /* Resources */ = {
			isa = PBXResourcesBuildPhase;
			buildActionMask = 2147483647;
			files = (
				15A7346E2C7C7643009CE641 /* Preview Assets.xcassets in Resources */,
				15A7346B2C7C7642009CE641 /* Assets.xcassets in Resources */,
				15A551F82D0DD72400A2AF67 /* GoogleService-Info.plist in Resources */,
			);
			runOnlyForDeploymentPostprocessing = 0;
		};
		15A734712C7C7643009CE641 /* Resources */ = {
			isa = PBXResourcesBuildPhase;
			buildActionMask = 2147483647;
			files = (
			);
			runOnlyForDeploymentPostprocessing = 0;
		};
		15A7347B2C7C7643009CE641 /* Resources */ = {
			isa = PBXResourcesBuildPhase;
			buildActionMask = 2147483647;
			files = (
			);
			runOnlyForDeploymentPostprocessing = 0;
		};
/* End PBXResourcesBuildPhase section */

/* Begin PBXSourcesBuildPhase section */
		15A7345F2C7C7640009CE641 /* Sources */ = {
			isa = PBXSourcesBuildPhase;
			buildActionMask = 2147483647;
			files = (
				151C84E02D0B5DB7004033A4 /* MainTabView.swift in Sources */,
				15C9E3642C7C9CBB00AC05B1 /* Coin.swift in Sources */,
				15CA59382D4CD186004D43EF /* CoinDetailView.swift in Sources */,
				15C9E35A2C7C7D3F00AC05B1 /* TopMoversView.swift in Sources */,
				151C84E62D0B62E4004033A4 /* RegistrationView.swift in Sources */,
				15C9E35E2C7C81CD00AC05B1 /* AllCoinsView.swift in Sources */,
				15CA59342D4CD17A004D43EF /* PriceChart.swift in Sources */,
				151C84E22D0B5F27004033A4 /* LoginView.swift in Sources */,
				1528F4C42C7C7ACB007C8842 /* HomeView.swift in Sources */,
				15C9E3622C7C8D1D00AC05B1 /* HomeViewModel.swift in Sources */,
				15A734692C7C7640009CE641 /* ContentView.swift in Sources */,
				153E491C2D4B7B65007816B0 /* Login_RegisterButton.swift in Sources */,
				15CA59302D4CD11E004D43EF /* HistoricalPriceData.swift in Sources */,
				153E491E2D4B7FAF007816B0 /* DividerView.swift in Sources */,
				15A734672C7C7640009CE641 /* CryptoAppApp.swift in Sources */,
				15C9E3602C7C81D200AC05B1 /* CoinRowView.swift in Sources */,
				15C9E3692C7CEB7300AC05B1 /* Double.swift in Sources */,
				153E49202D4B84DC007816B0 /* CustomTextFieldStyle.swift in Sources */,
				1569A7022D48D62E007B1BAB /* AuthViewModel.swift in Sources */,
				15A12B372D452AFF00A0DEFE /* ProfileView.swift in Sources */,
				15CA59322D4CD132004D43EF /* CoinDetailViewModel.swift in Sources */,
				15C9E35C2C7C7D5200AC05B1 /* TopMoversItemView.swift in Sources */,
			);
			runOnlyForDeploymentPostprocessing = 0;
		};
		15A7346F2C7C7643009CE641 /* Sources */ = {
			isa = PBXSourcesBuildPhase;
			buildActionMask = 2147483647;
			files = (
				15A734782C7C7643009CE641 /* CryptoAppTests.swift in Sources */,
			);
			runOnlyForDeploymentPostprocessing = 0;
		};
		15A734792C7C7643009CE641 /* Sources */ = {
			isa = PBXSourcesBuildPhase;
			buildActionMask = 2147483647;
			files = (
				15A734822C7C7643009CE641 /* CryptoAppUITests.swift in Sources */,
				15A734842C7C7643009CE641 /* CryptoAppUITestsLaunchTests.swift in Sources */,
			);
			runOnlyForDeploymentPostprocessing = 0;
		};
/* End PBXSourcesBuildPhase section */

/* Begin PBXTargetDependency section */
		15A734752C7C7643009CE641 /* PBXTargetDependency */ = {
			isa = PBXTargetDependency;
			target = 15A734622C7C7640009CE641 /* CryptoApp */;
			targetProxy = 15A734742C7C7643009CE641 /* PBXContainerItemProxy */;
		};
		15A7347F2C7C7643009CE641 /* PBXTargetDependency */ = {
			isa = PBXTargetDependency;
			target = 15A734622C7C7640009CE641 /* CryptoApp */;
			targetProxy = 15A7347E2C7C7643009CE641 /* PBXContainerItemProxy */;
		};
/* End PBXTargetDependency section */

/* Begin XCBuildConfiguration section */
		15A734852C7C7643009CE641 /* Debug */ = {
			isa = XCBuildConfiguration;
			buildSettings = {
				ALWAYS_SEARCH_USER_PATHS = NO;
				ASSETCATALOG_COMPILER_GENERATE_SWIFT_ASSET_SYMBOL_EXTENSIONS = YES;
				CLANG_ANALYZER_NONNULL = YES;
				CLANG_ANALYZER_NUMBER_OBJECT_CONVERSION = YES_AGGRESSIVE;
				CLANG_CXX_LANGUAGE_STANDARD = "gnu++20";
				CLANG_ENABLE_MODULES = YES;
				CLANG_ENABLE_OBJC_ARC = YES;
				CLANG_ENABLE_OBJC_WEAK = YES;
				CLANG_WARN_BLOCK_CAPTURE_AUTORELEASING = YES;
				CLANG_WARN_BOOL_CONVERSION = YES;
				CLANG_WARN_COMMA = YES;
				CLANG_WARN_CONSTANT_CONVERSION = YES;
				CLANG_WARN_DEPRECATED_OBJC_IMPLEMENTATIONS = YES;
				CLANG_WARN_DIRECT_OBJC_ISA_USAGE = YES_ERROR;
				CLANG_WARN_DOCUMENTATION_COMMENTS = YES;
				CLANG_WARN_EMPTY_BODY = YES;
				CLANG_WARN_ENUM_CONVERSION = YES;
				CLANG_WARN_INFINITE_RECURSION = YES;
				CLANG_WARN_INT_CONVERSION = YES;
				CLANG_WARN_NON_LITERAL_NULL_CONVERSION = YES;
				CLANG_WARN_OBJC_IMPLICIT_RETAIN_SELF = YES;
				CLANG_WARN_OBJC_LITERAL_CONVERSION = YES;
				CLANG_WARN_OBJC_ROOT_CLASS = YES_ERROR;
				CLANG_WARN_QUOTED_INCLUDE_IN_FRAMEWORK_HEADER = YES;
				CLANG_WARN_RANGE_LOOP_ANALYSIS = YES;
				CLANG_WARN_STRICT_PROTOTYPES = YES;
				CLANG_WARN_SUSPICIOUS_MOVE = YES;
				CLANG_WARN_UNGUARDED_AVAILABILITY = YES_AGGRESSIVE;
				CLANG_WARN_UNREACHABLE_CODE = YES;
				CLANG_WARN__DUPLICATE_METHOD_MATCH = YES;
				COPY_PHASE_STRIP = NO;
				DEBUG_INFORMATION_FORMAT = dwarf;
				ENABLE_STRICT_OBJC_MSGSEND = YES;
				ENABLE_TESTABILITY = YES;
				ENABLE_USER_SCRIPT_SANDBOXING = YES;
				GCC_C_LANGUAGE_STANDARD = gnu17;
				GCC_DYNAMIC_NO_PIC = NO;
				GCC_NO_COMMON_BLOCKS = YES;
				GCC_OPTIMIZATION_LEVEL = 0;
				GCC_PREPROCESSOR_DEFINITIONS = (
					"DEBUG=1",
					"$(inherited)",
				);
				GCC_WARN_64_TO_32_BIT_CONVERSION = YES;
				GCC_WARN_ABOUT_RETURN_TYPE = YES_ERROR;
				GCC_WARN_UNDECLARED_SELECTOR = YES;
				GCC_WARN_UNINITIALIZED_AUTOS = YES_AGGRESSIVE;
				GCC_WARN_UNUSED_FUNCTION = YES;
				GCC_WARN_UNUSED_VARIABLE = YES;
				IPHONEOS_DEPLOYMENT_TARGET = 17.5;
				LOCALIZATION_PREFERS_STRING_CATALOGS = YES;
				MTL_ENABLE_DEBUG_INFO = INCLUDE_SOURCE;
				MTL_FAST_MATH = YES;
				ONLY_ACTIVE_ARCH = YES;
				SDKROOT = iphoneos;
				SWIFT_ACTIVE_COMPILATION_CONDITIONS = "DEBUG $(inherited)";
				SWIFT_OPTIMIZATION_LEVEL = "-Onone";
			};
			name = Debug;
		};
		15A734862C7C7643009CE641 /* Release */ = {
			isa = XCBuildConfiguration;
			buildSettings = {
				ALWAYS_SEARCH_USER_PATHS = NO;
				ASSETCATALOG_COMPILER_GENERATE_SWIFT_ASSET_SYMBOL_EXTENSIONS = YES;
				CLANG_ANALYZER_NONNULL = YES;
				CLANG_ANALYZER_NUMBER_OBJECT_CONVERSION = YES_AGGRESSIVE;
				CLANG_CXX_LANGUAGE_STANDARD = "gnu++20";
				CLANG_ENABLE_MODULES = YES;
				CLANG_ENABLE_OBJC_ARC = YES;
				CLANG_ENABLE_OBJC_WEAK = YES;
				CLANG_WARN_BLOCK_CAPTURE_AUTORELEASING = YES;
				CLANG_WARN_BOOL_CONVERSION = YES;
				CLANG_WARN_COMMA = YES;
				CLANG_WARN_CONSTANT_CONVERSION = YES;
				CLANG_WARN_DEPRECATED_OBJC_IMPLEMENTATIONS = YES;
				CLANG_WARN_DIRECT_OBJC_ISA_USAGE = YES_ERROR;
				CLANG_WARN_DOCUMENTATION_COMMENTS = YES;
				CLANG_WARN_EMPTY_BODY = YES;
				CLANG_WARN_ENUM_CONVERSION = YES;
				CLANG_WARN_INFINITE_RECURSION = YES;
				CLANG_WARN_INT_CONVERSION = YES;
				CLANG_WARN_NON_LITERAL_NULL_CONVERSION = YES;
				CLANG_WARN_OBJC_IMPLICIT_RETAIN_SELF = YES;
				CLANG_WARN_OBJC_LITERAL_CONVERSION = YES;
				CLANG_WARN_OBJC_ROOT_CLASS = YES_ERROR;
				CLANG_WARN_QUOTED_INCLUDE_IN_FRAMEWORK_HEADER = YES;
				CLANG_WARN_RANGE_LOOP_ANALYSIS = YES;
				CLANG_WARN_STRICT_PROTOTYPES = YES;
				CLANG_WARN_SUSPICIOUS_MOVE = YES;
				CLANG_WARN_UNGUARDED_AVAILABILITY = YES_AGGRESSIVE;
				CLANG_WARN_UNREACHABLE_CODE = YES;
				CLANG_WARN__DUPLICATE_METHOD_MATCH = YES;
				COPY_PHASE_STRIP = NO;
				DEBUG_INFORMATION_FORMAT = "dwarf-with-dsym";
				ENABLE_NS_ASSERTIONS = NO;
				ENABLE_STRICT_OBJC_MSGSEND = YES;
				ENABLE_USER_SCRIPT_SANDBOXING = YES;
				GCC_C_LANGUAGE_STANDARD = gnu17;
				GCC_NO_COMMON_BLOCKS = YES;
				GCC_WARN_64_TO_32_BIT_CONVERSION = YES;
				GCC_WARN_ABOUT_RETURN_TYPE = YES_ERROR;
				GCC_WARN_UNDECLARED_SELECTOR = YES;
				GCC_WARN_UNINITIALIZED_AUTOS = YES_AGGRESSIVE;
				GCC_WARN_UNUSED_FUNCTION = YES;
				GCC_WARN_UNUSED_VARIABLE = YES;
				IPHONEOS_DEPLOYMENT_TARGET = 17.5;
				LOCALIZATION_PREFERS_STRING_CATALOGS = YES;
				MTL_ENABLE_DEBUG_INFO = NO;
				MTL_FAST_MATH = YES;
				SDKROOT = iphoneos;
				SWIFT_COMPILATION_MODE = wholemodule;
				VALIDATE_PRODUCT = YES;
			};
			name = Release;
		};
		15A734882C7C7643009CE641 /* Debug */ = {
			isa = XCBuildConfiguration;
			buildSettings = {
				ASSETCATALOG_COMPILER_APPICON_NAME = AppIcon;
				ASSETCATALOG_COMPILER_GLOBAL_ACCENT_COLOR_NAME = AccentColor;
				CODE_SIGN_STYLE = Automatic;
				CURRENT_PROJECT_VERSION = 1;
				DEVELOPMENT_ASSET_PATHS = "\"CryptoApp/Preview Content\"";
				DEVELOPMENT_TEAM = 66XYZXW898;
				ENABLE_PREVIEWS = YES;
				GENERATE_INFOPLIST_FILE = YES;
				INFOPLIST_FILE = CryptoApp/Info.plist;
				INFOPLIST_KEY_NSFaceIDUsageDescription = "Application need Face ID for logging";
				INFOPLIST_KEY_UIApplicationSceneManifest_Generation = YES;
				INFOPLIST_KEY_UIApplicationSupportsIndirectInputEvents = YES;
				INFOPLIST_KEY_UILaunchScreen_Generation = YES;
				INFOPLIST_KEY_UISupportedInterfaceOrientations_iPad = "UIInterfaceOrientationPortrait UIInterfaceOrientationPortraitUpsideDown UIInterfaceOrientationLandscapeLeft UIInterfaceOrientationLandscapeRight";
				INFOPLIST_KEY_UISupportedInterfaceOrientations_iPhone = "UIInterfaceOrientationPortrait UIInterfaceOrientationLandscapeLeft UIInterfaceOrientationLandscapeRight";
				IPHONEOS_DEPLOYMENT_TARGET = 18.0;
				LD_RUNPATH_SEARCH_PATHS = (
					"$(inherited)",
					"@executable_path/Frameworks",
				);
				MARKETING_VERSION = 1.0;
				PRODUCT_BUNDLE_IDENTIFIER = testing.CryptoApp;
				PRODUCT_NAME = "$(TARGET_NAME)";
				SWIFT_EMIT_LOC_STRINGS = YES;
				SWIFT_VERSION = 5.0;
				TARGETED_DEVICE_FAMILY = "1,2";
			};
			name = Debug;
		};
		15A734892C7C7643009CE641 /* Release */ = {
			isa = XCBuildConfiguration;
			buildSettings = {
				ASSETCATALOG_COMPILER_APPICON_NAME = AppIcon;
				ASSETCATALOG_COMPILER_GLOBAL_ACCENT_COLOR_NAME = AccentColor;
				CODE_SIGN_STYLE = Automatic;
				CURRENT_PROJECT_VERSION = 1;
				DEVELOPMENT_ASSET_PATHS = "\"CryptoApp/Preview Content\"";
				DEVELOPMENT_TEAM = 66XYZXW898;
				ENABLE_PREVIEWS = YES;
				GENERATE_INFOPLIST_FILE = YES;
				INFOPLIST_FILE = CryptoApp/Info.plist;
				INFOPLIST_KEY_NSFaceIDUsageDescription = "Application need Face ID for logging";
				INFOPLIST_KEY_UIApplicationSceneManifest_Generation = YES;
				INFOPLIST_KEY_UIApplicationSupportsIndirectInputEvents = YES;
				INFOPLIST_KEY_UILaunchScreen_Generation = YES;
				INFOPLIST_KEY_UISupportedInterfaceOrientations_iPad = "UIInterfaceOrientationPortrait UIInterfaceOrientationPortraitUpsideDown UIInterfaceOrientationLandscapeLeft UIInterfaceOrientationLandscapeRight";
				INFOPLIST_KEY_UISupportedInterfaceOrientations_iPhone = "UIInterfaceOrientationPortrait UIInterfaceOrientationLandscapeLeft UIInterfaceOrientationLandscapeRight";
				IPHONEOS_DEPLOYMENT_TARGET = 18.0;
				LD_RUNPATH_SEARCH_PATHS = (
					"$(inherited)",
					"@executable_path/Frameworks",
				);
				MARKETING_VERSION = 1.0;
				PRODUCT_BUNDLE_IDENTIFIER = testing.CryptoApp;
				PRODUCT_NAME = "$(TARGET_NAME)";
				SWIFT_EMIT_LOC_STRINGS = YES;
				SWIFT_VERSION = 5.0;
				TARGETED_DEVICE_FAMILY = "1,2";
			};
			name = Release;
		};
		15A7348B2C7C7643009CE641 /* Debug */ = {
			isa = XCBuildConfiguration;
			buildSettings = {
				BUNDLE_LOADER = "$(TEST_HOST)";
				CODE_SIGN_STYLE = Automatic;
				CURRENT_PROJECT_VERSION = 1;
				DEVELOPMENT_TEAM = 66XYZXW898;
				GENERATE_INFOPLIST_FILE = YES;
				IPHONEOS_DEPLOYMENT_TARGET = 17.5;
				MARKETING_VERSION = 1.0;
				PRODUCT_BUNDLE_IDENTIFIER = testing.CryptoAppTests;
				PRODUCT_NAME = "$(TARGET_NAME)";
				SWIFT_EMIT_LOC_STRINGS = NO;
				SWIFT_VERSION = 5.0;
				TARGETED_DEVICE_FAMILY = "1,2";
				TEST_HOST = "$(BUILT_PRODUCTS_DIR)/CryptoApp.app/$(BUNDLE_EXECUTABLE_FOLDER_PATH)/CryptoApp";
			};
			name = Debug;
		};
		15A7348C2C7C7643009CE641 /* Release */ = {
			isa = XCBuildConfiguration;
			buildSettings = {
				BUNDLE_LOADER = "$(TEST_HOST)";
				CODE_SIGN_STYLE = Automatic;
				CURRENT_PROJECT_VERSION = 1;
				DEVELOPMENT_TEAM = 66XYZXW898;
				GENERATE_INFOPLIST_FILE = YES;
				IPHONEOS_DEPLOYMENT_TARGET = 17.5;
				MARKETING_VERSION = 1.0;
				PRODUCT_BUNDLE_IDENTIFIER = testing.CryptoAppTests;
				PRODUCT_NAME = "$(TARGET_NAME)";
				SWIFT_EMIT_LOC_STRINGS = NO;
				SWIFT_VERSION = 5.0;
				TARGETED_DEVICE_FAMILY = "1,2";
				TEST_HOST = "$(BUILT_PRODUCTS_DIR)/CryptoApp.app/$(BUNDLE_EXECUTABLE_FOLDER_PATH)/CryptoApp";
			};
			name = Release;
		};
		15A7348E2C7C7643009CE641 /* Debug */ = {
			isa = XCBuildConfiguration;
			buildSettings = {
				CODE_SIGN_STYLE = Automatic;
				CURRENT_PROJECT_VERSION = 1;
				DEVELOPMENT_TEAM = 66XYZXW898;
				GENERATE_INFOPLIST_FILE = YES;
				MARKETING_VERSION = 1.0;
				PRODUCT_BUNDLE_IDENTIFIER = testing.CryptoAppUITests;
				PRODUCT_NAME = "$(TARGET_NAME)";
				SWIFT_EMIT_LOC_STRINGS = NO;
				SWIFT_VERSION = 5.0;
				TARGETED_DEVICE_FAMILY = "1,2";
				TEST_TARGET_NAME = CryptoApp;
			};
			name = Debug;
		};
		15A7348F2C7C7643009CE641 /* Release */ = {
			isa = XCBuildConfiguration;
			buildSettings = {
				CODE_SIGN_STYLE = Automatic;
				CURRENT_PROJECT_VERSION = 1;
				DEVELOPMENT_TEAM = 66XYZXW898;
				GENERATE_INFOPLIST_FILE = YES;
				MARKETING_VERSION = 1.0;
				PRODUCT_BUNDLE_IDENTIFIER = testing.CryptoAppUITests;
				PRODUCT_NAME = "$(TARGET_NAME)";
				SWIFT_EMIT_LOC_STRINGS = NO;
				SWIFT_VERSION = 5.0;
				TARGETED_DEVICE_FAMILY = "1,2";
				TEST_TARGET_NAME = CryptoApp;
			};
			name = Release;
		};
/* End XCBuildConfiguration section */

/* Begin XCConfigurationList section */
		15A7345E2C7C7640009CE641 /* Build configuration list for PBXProject "CryptoApp" */ = {
			isa = XCConfigurationList;
			buildConfigurations = (
				15A734852C7C7643009CE641 /* Debug */,
				15A734862C7C7643009CE641 /* Release */,
			);
			defaultConfigurationIsVisible = 0;
			defaultConfigurationName = Release;
		};
		15A734872C7C7643009CE641 /* Build configuration list for PBXNativeTarget "CryptoApp" */ = {
			isa = XCConfigurationList;
			buildConfigurations = (
				15A734882C7C7643009CE641 /* Debug */,
				15A734892C7C7643009CE641 /* Release */,
			);
			defaultConfigurationIsVisible = 0;
			defaultConfigurationName = Release;
		};
		15A7348A2C7C7643009CE641 /* Build configuration list for PBXNativeTarget "CryptoAppTests" */ = {
			isa = XCConfigurationList;
			buildConfigurations = (
				15A7348B2C7C7643009CE641 /* Debug */,
				15A7348C2C7C7643009CE641 /* Release */,
			);
			defaultConfigurationIsVisible = 0;
			defaultConfigurationName = Release;
		};
		15A7348D2C7C7643009CE641 /* Build configuration list for PBXNativeTarget "CryptoAppUITests" */ = {
			isa = XCConfigurationList;
			buildConfigurations = (
				15A7348E2C7C7643009CE641 /* Debug */,
				15A7348F2C7C7643009CE641 /* Release */,
			);
			defaultConfigurationIsVisible = 0;
			defaultConfigurationName = Release;
		};
/* End XCConfigurationList section */

/* Begin XCRemoteSwiftPackageReference section */
		15A551F92D0DD82600A2AF67 /* XCRemoteSwiftPackageReference "firebase-ios-sdk" */ = {
			isa = XCRemoteSwiftPackageReference;
			repositoryURL = "https://github.com/firebase/firebase-ios-sdk";
			requirement = {
				kind = upToNextMajorVersion;
				minimumVersion = 11.6.0;
			};
		};
		15C9E3652C7CE91100AC05B1 /* XCRemoteSwiftPackageReference "Kingfisher" */ = {
			isa = XCRemoteSwiftPackageReference;
			repositoryURL = "https://github.com/onevcat/Kingfisher.git";
			requirement = {
				kind = upToNextMajorVersion;
				minimumVersion = 7.12.0;
			};
		};
		15EFB2F42D4A0C6700EDEE1B /* XCRemoteSwiftPackageReference "keychain-swift" */ = {
			isa = XCRemoteSwiftPackageReference;
			repositoryURL = "https://github.com/evgenyneu/keychain-swift";
			requirement = {
				kind = upToNextMajorVersion;
				minimumVersion = 24.0.0;
			};
		};
/* End XCRemoteSwiftPackageReference section */

/* Begin XCSwiftPackageProductDependency section */
		15A551FA2D0DD82600A2AF67 /* FirebaseAuth */ = {
			isa = XCSwiftPackageProductDependency;
			package = 15A551F92D0DD82600A2AF67 /* XCRemoteSwiftPackageReference "firebase-ios-sdk" */;
			productName = FirebaseAuth;
		};
		15A551FC2D0DD82600A2AF67 /* FirebaseFirestore */ = {
			isa = XCSwiftPackageProductDependency;
			package = 15A551F92D0DD82600A2AF67 /* XCRemoteSwiftPackageReference "firebase-ios-sdk" */;
			productName = FirebaseFirestore;
		};
		15C9E3662C7CE98700AC05B1 /* Kingfisher */ = {
			isa = XCSwiftPackageProductDependency;
			package = 15C9E3652C7CE91100AC05B1 /* XCRemoteSwiftPackageReference "Kingfisher" */;
			productName = Kingfisher;
		};
		15EFB2F52D4A0C6700EDEE1B /* KeychainSwift */ = {
			isa = XCSwiftPackageProductDependency;
			package = 15EFB2F42D4A0C6700EDEE1B /* XCRemoteSwiftPackageReference "keychain-swift" */;
			productName = KeychainSwift;
		};
/* End XCSwiftPackageProductDependency section */
	};
	rootObject = 15A7345B2C7C7640009CE641 /* Project object */;
}
